
Microsoft Visual Studio Solution File, Format Version 12.00
# Visual Studio 15
VisualStudioVersion = 15.0.28307.902
MinimumVisualStudioVersion = 10.0.40219.1
Project("{8BC9CEB8-8B4A-11D0-8D11-00A0C91BC942}") = "020", "020\020.vcxproj", "{296DF185-248C-4FB3-AB44-BEB398D9EAF3}"
EndProject
Global
	GlobalSection(SolutionConfigurationPlatforms) = preSolution
		Debug|x64 = Debug|x64
		Debug|x86 = Debug|x86
		Release|x64 = Release|x64
		Release|x86 = Release|x86
	EndGlobalSection
	GlobalSection(ProjectConfigurationPlatforms) = postSolution
		{296DF185-248C-4FB3-AB44-BEB398D9EAF3}.Debug|x64.ActiveCfg = Debug|x64
		{296DF185-248C-4FB3-AB44-BEB398D9EAF3}.Debug|x64.Build.0 = Debug|x64
		{296DF185-248C-4FB3-AB44-BEB398D9EAF3}.Debug|x86.ActiveCfg = Debug|Win32
		{296DF185-248C-4FB3-AB44-BEB398D9EAF3}.Debug|x86.Build.0 = Debug|Win32
		{296DF185-248C-4FB3-AB44-BEB398D9EAF3}.Release|x64.ActiveCfg = Release|x64
		{296DF185-248C-4FB3-AB44-BEB398D9EAF3}.Release|x64.Build.0 = Release|x64
		{296DF185-248C-4FB3-AB44-BEB398D9EAF3}.Release|x86.ActiveCfg = Release|Win32
		{296DF185-248C-4FB3-AB44-BEB398D9EAF3}.Release|x86.Build.0 = Release|Win32
	EndGlobalSection
	GlobalSection(SolutionProperties) = preSolution
		HideSolutionNode = FALSE
	EndGlobalSection
	GlobalSection(ExtensibilityGlobals) = postSolution
		SolutionGuid = {F567973E-9D36-4AF1-AB20-3C76F657F340}
	EndGlobalSection
EndGlobal
